Microsoft Visual Studio Solution File, Format Version 11.00
# Visual Studio 2008

Project("{29DA10C0-1FD4-2EF2-FA18-ABA81FC8A772}") = "learnNGUI", "Assembly-CSharp.csproj", "{07733F7B-FA33-0BF8-5BFD-867911376C26}"
EndProject
Project("{29DA10C0-1FD4-2EF2-FA18-ABA81FC8A772}") = "learnNGUI", "Assembly-CSharp-Editor.csproj", "{FF8D6EC7-6240-268D-DAAD-A8B395B6E7FC}"
EndProject
Global
	GlobalSection(SolutionConfigurationPlatforms) = preSolution
		Debug|Any CPU = Debug|Any CPU
		Release|Any CPU = Release|Any CPU
	EndGlobalSection
	GlobalSection(ProjectConfigurationPlatforms) = postSolution
		{07733F7B-FA33-0BF8-5BFD-867911376C26}.Debug|Any CPU.ActiveCfg = Debug|Any CPU
		{07733F7B-FA33-0BF8-5BFD-867911376C26}.Debug|Any CPU.Build.0 = Debug|Any CPU
		{07733F7B-FA33-0BF8-5BFD-867911376C26}.Release|Any CPU.ActiveCfg = Release|Any CPU
		{07733F7B-FA33-0BF8-5BFD-867911376C26}.Release|Any CPU.Build.0 = Release|Any CPU
		{FF8D6EC7-6240-268D-DAAD-A8B395B6E7FC}.Debug|Any CPU.ActiveCfg = Debug|Any CPU
		{FF8D6EC7-6240-268D-DAAD-A8B395B6E7FC}.Debug|Any CPU.Build.0 = Debug|Any CPU
		{FF8D6EC7-6240-268D-DAAD-A8B395B6E7FC}.Release|Any CPU.ActiveCfg = Release|Any CPU
		{FF8D6EC7-6240-268D-DAAD-A8B395B6E7FC}.Release|Any CPU.Build.0 = Release|Any CPU
	EndGlobalSection
	GlobalSection(SolutionProperties) = preSolution
		HideSolutionNode = FALSE
	EndGlobalSection
						GlobalSection(MonoDevelopProperties) = preSolution
		StartupItem = Assembly-CSharp.csproj
		Policies = $0
		$0.TextStylePolicy = $1
		$1.FileWidth = 120
		$1.TabWidth = 4
		$1.EolMarker = Windows
		$1.inheritsSet = Mono
		$1.inheritsScope = text/plain
		$1.scope = text/x-csharp
		$0.CSharpFormattingPolicy = $2
		$2.inheritsSet = Mono
		$2.inheritsScope = text/x-csharp
		$2.scope = text/x-csharp
		$0.TextStylePolicy = $3
		$3.FileWidth = 120
		$3.TabWidth = 4
		$3.EolMarker = Unix
		$3.inheritsSet = Mono
		$3.inheritsScope = text/plain
		$3.scope = text/plain
	EndGlobalSection

EndGlobal
